{
    "_readme": [
        "This file locks the dependencies of your project to a known state",
        "Read more about it at https://getcomposer.org/doc/01-basic-usage.md#composer-lock-the-lock-file",
        "This file is @generated automatically"
    ],
    "content-hash": "8cc6a0bf4b0b5da73eee7eb713bc66e2",
    "packages": [
        {
            "name": "firebase/php-jwt",
            "version": "dev-master",
            "source": {
                "type": "git",
                "url": "https://github.com/firebase/php-jwt.git",
                "reference": "bac0422822b92fe7a0ed1fc7b1b633d9efa37bae"
            },
            "dist": {
                "type": "zip",
                "url": "https://api.github.com/repos/firebase/php-jwt/zipball/bac0422822b92fe7a0ed1fc7b1b633d9efa37bae",
                "reference": "bac0422822b92fe7a0ed1fc7b1b633d9efa37bae",
                "shasum": ""
            },
            "require": {
                "php": ">=5.3.0"
            },
            "require-dev": {
                "phpunit/phpunit": " 4.8.35"
            },
            "type": "library",
            "autoload": {
                "psr-4": {
                    "Firebase\\JWT\\": "src"
                }
            },
            "notification-url": "https://packagist.org/downloads/",
            "license": [
                "BSD-3-Clause"
            ],
            "authors": [
                {
                    "name": "Neuman Vong",
                    "email": "neuman+pear@twilio.com",
                    "role": "Developer"
                },
                {
                    "name": "Anant Narayanan",
                    "email": "anant@php.net",
                    "role": "Developer"
                }
            ],
            "description": "A simple library to encode and decode JSON Web Tokens (JWT) in PHP. Should conform to the current spec.",
            "homepage": "https://github.com/firebase/php-jwt",
            "time": "2018-01-26T19:13:29+00:00"
        },
        {
            "name": "qiniu/php-sdk",
            "version": "dev-master",
            "source": {
                "type": "git",
                "url": "https://github.com/qiniu/php-sdk.git",
                "reference": "4c4f9b819f420b77bc7313b7d5ee6d33f1139df6"
            },
            "dist": {
                "type": "zip",
                "url": "https://api.github.com/repos/qiniu/php-sdk/zipball/4c4f9b819f420b77bc7313b7d5ee6d33f1139df6",
                "reference": "4c4f9b819f420b77bc7313b7d5ee6d33f1139df6",
                "shasum": ""
            },
            "require": {
                "php": ">=5.3.3"
            },
            "require-dev": {
                "phpunit/phpunit": "~4.0",
                "squizlabs/php_codesniffer": "~2.3"
            },
            "type": "library",
            "autoload": {
                "psr-4": {
                    "Qiniu\\": "src/Qiniu"
                },
                "files": [
                    "src/Qiniu/functions.php"
                ]
            },
            "notification-url": "https://packagist.org/downloads/",
            "license": [
                "MIT"
            ],
            "authors": [
                {
                    "name": "Qiniu",
                    "email": "sdk@qiniu.com",
                    "homepage": "http://www.qiniu.com"
                }
            ],
            "description": "Qiniu Resource (Cloud) Storage SDK for PHP",
            "homepage": "http://developer.qiniu.com/",
            "keywords": [
                "cloud",
                "qiniu",
                "sdk",
                "storage"
            ],
            "time": "2018-06-25T02:55:51+00:00"
        }
    ],
    "packages-dev": [],
    "aliases": [],
    "minimum-stability": "dev",
    "stability-flags": {
        "firebase/php-jwt": 20,
        "qiniu/php-sdk": 20
    },
    "prefer-stable": false,
    "prefer-lowest": false,
    "platform": {
        "php": ">=5.3.0"
    },
    "platform-dev": []
}
